
Microsoft Visual Studio Solution File, Format Version 12.00
# Visual Studio Version 16
VisualStudioVersion = 25.0.1705.3
MinimumVisualStudioVersion = 10.0.40219.1
Project("{FAE04EC0-301F-11D3-BF4B-00C04F79EFBC}") = "BeerDispencer.WebApi", "BeerDispencer.Host\BeerDispencer.WebApi.csproj", "{0EFC082C-BFF4-4D2A-B267-C33D9F266ECF}"
EndProject
Project("{FAE04EC0-301F-11D3-BF4B-00C04F79EFBC}") = "BeerDispencer.Infrastructure", "BeerDispencer.Infrastructure\BeerDispencer.Infrastructure.csproj", "{BD59878C-688B-438A-8550-FF871A1DCBE3}"
EndProject
Project("{FAE04EC0-301F-11D3-BF4B-00C04F79EFBC}") = "BeerDispencer.Application", "BeerDispencer.Application\BeerDispencer.Application.csproj", "{6930450B-B91C-43F8-B783-D6F896C73C5A}"
EndProject
Project("{FAE04EC0-301F-11D3-BF4B-00C04F79EFBC}") = "BeerDispencer.UnitTests", "BeerDispencer.UnitTests\BeerDispencer.UnitTests.csproj", "{F0AD86B6-9034-4F1B-98FC-B6DC3800A1E1}"
EndProject
Project("{FAE04EC0-301F-11D3-BF4B-00C04F79EFBC}") = "BeerDispencer.WebUi", "BeerDispencer.WebUi\BeerDispencer.WebUi.csproj", "{70831137-2495-4358-A5BF-AA63F5DBFE37}"
EndProject
Project("{FAE04EC0-301F-11D3-BF4B-00C04F79EFBC}") = "BeerDispencer.Domain", "BeerDispencer.Domain\BeerDispencer.Domain.csproj", "{5CF3C8CB-322D-4F67-8571-5700BA126418}"
EndProject
Project("{FAE04EC0-301F-11D3-BF4B-00C04F79EFBC}") = "BeerDispencer.Shared", "BeerDispencer.Shared\BeerDispencer.Shared.csproj", "{CE5BECF6-12FC-4282-9B23-8F69C77769DB}"
EndProject
Global
	GlobalSection(SolutionConfigurationPlatforms) = preSolution
		Debug|Any CPU = Debug|Any CPU
		Release|Any CPU = Release|Any CPU
	EndGlobalSection
	GlobalSection(ProjectConfigurationPlatforms) = postSolution
		{0EFC082C-BFF4-4D2A-B267-C33D9F266ECF}.Debug|Any CPU.ActiveCfg = Debug|Any CPU
		{0EFC082C-BFF4-4D2A-B267-C33D9F266ECF}.Debug|Any CPU.Build.0 = Debug|Any CPU
		{0EFC082C-BFF4-4D2A-B267-C33D9F266ECF}.Release|Any CPU.ActiveCfg = Release|Any CPU
		{0EFC082C-BFF4-4D2A-B267-C33D9F266ECF}.Release|Any CPU.Build.0 = Release|Any CPU
		{BD59878C-688B-438A-8550-FF871A1DCBE3}.Debug|Any CPU.ActiveCfg = Debug|Any CPU
		{BD59878C-688B-438A-8550-FF871A1DCBE3}.Debug|Any CPU.Build.0 = Debug|Any CPU
		{BD59878C-688B-438A-8550-FF871A1DCBE3}.Release|Any CPU.ActiveCfg = Release|Any CPU
		{BD59878C-688B-438A-8550-FF871A1DCBE3}.Release|Any CPU.Build.0 = Release|Any CPU
		{6930450B-B91C-43F8-B783-D6F896C73C5A}.Debug|Any CPU.ActiveCfg = Debug|Any CPU
		{6930450B-B91C-43F8-B783-D6F896C73C5A}.Debug|Any CPU.Build.0 = Debug|Any CPU
		{6930450B-B91C-43F8-B783-D6F896C73C5A}.Release|Any CPU.ActiveCfg = Release|Any CPU
		{6930450B-B91C-43F8-B783-D6F896C73C5A}.Release|Any CPU.Build.0 = Release|Any CPU
		{F0AD86B6-9034-4F1B-98FC-B6DC3800A1E1}.Debug|Any CPU.ActiveCfg = Debug|Any CPU
		{F0AD86B6-9034-4F1B-98FC-B6DC3800A1E1}.Debug|Any CPU.Build.0 = Debug|Any CPU
		{F0AD86B6-9034-4F1B-98FC-B6DC3800A1E1}.Release|Any CPU.ActiveCfg = Release|Any CPU
		{F0AD86B6-9034-4F1B-98FC-B6DC3800A1E1}.Release|Any CPU.Build.0 = Release|Any CPU
		{70831137-2495-4358-A5BF-AA63F5DBFE37}.Debug|Any CPU.ActiveCfg = Debug|Any CPU
		{70831137-2495-4358-A5BF-AA63F5DBFE37}.Debug|Any CPU.Build.0 = Debug|Any CPU
		{70831137-2495-4358-A5BF-AA63F5DBFE37}.Release|Any CPU.ActiveCfg = Release|Any CPU
		{70831137-2495-4358-A5BF-AA63F5DBFE37}.Release|Any CPU.Build.0 = Release|Any CPU
		{5CF3C8CB-322D-4F67-8571-5700BA126418}.Debug|Any CPU.ActiveCfg = Debug|Any CPU
		{5CF3C8CB-322D-4F67-8571-5700BA126418}.Debug|Any CPU.Build.0 = Debug|Any CPU
		{5CF3C8CB-322D-4F67-8571-5700BA126418}.Release|Any CPU.ActiveCfg = Release|Any CPU
		{5CF3C8CB-322D-4F67-8571-5700BA126418}.Release|Any CPU.Build.0 = Release|Any CPU
		{CE5BECF6-12FC-4282-9B23-8F69C77769DB}.Debug|Any CPU.ActiveCfg = Debug|Any CPU
		{CE5BECF6-12FC-4282-9B23-8F69C77769DB}.Debug|Any CPU.Build.0 = Debug|Any CPU
		{CE5BECF6-12FC-4282-9B23-8F69C77769DB}.Release|Any CPU.ActiveCfg = Release|Any CPU
		{CE5BECF6-12FC-4282-9B23-8F69C77769DB}.Release|Any CPU.Build.0 = Release|Any CPU
	EndGlobalSection
	GlobalSection(SolutionProperties) = preSolution
		HideSolutionNode = FALSE
	EndGlobalSection
	GlobalSection(ExtensibilityGlobals) = postSolution
		SolutionGuid = {5B52675A-4F67-45A7-AA9D-1FCC96832424}
	EndGlobalSection
EndGlobal
